
Microsoft Visual Studio Solution File, Format Version 12.00
# Visual Studio 15
VisualStudioVersion = 15.0.27130.2026
MinimumVisualStudioVersion = 10.0.40219.1
Project("{FAE04EC0-301F-11D3-BF4B-00C04F79EFBC}") = "JebNet", "JebNet\JebNet.csproj", "{F281028C-D121-4389-88A8-88086250812F}"
EndProject
Project("{2150E333-8FDC-42A3-9474-1A3956D46DE8}") = "JebNet.Controller", "JebNet.Controller", "{FA1FC7F2-8409-4CF4-B2BB-90BD935B48A5}"
EndProject
Project("{2150E333-8FDC-42A3-9474-1A3956D46DE8}") = "JebNet.Server", "JebNet.Server", "{F51D18ED-7BB7-47A4-B9D3-EC4DD63CE39E}"
EndProject
Project("{FAE04EC0-301F-11D3-BF4B-00C04F79EFBC}") = "JebNet.Controller", "JebNet.Controller\JebNet.Controller.csproj", "{E534B435-5CFF-4611-9719-94E52940F5C2}"
EndProject
Project("{FAE04EC0-301F-11D3-BF4B-00C04F79EFBC}") = "JebNet.Controller.Cli", "JebNet.Controller.Cli\JebNet.Controller.Cli.csproj", "{83C3D55C-C8CF-4103-B501-B87D6B5F813A}"
EndProject
Project("{FAE04EC0-301F-11D3-BF4B-00C04F79EFBC}") = "JetNet.Controller.Utilities", "JetNet.Controller.Utilities\JetNet.Controller.Utilities.csproj", "{5C473740-BDB3-435D-BE82-3A1DA4E3160D}"
EndProject
Project("{2150E333-8FDC-42A3-9474-1A3956D46DE8}") = "Solution Items", "Solution Items", "{E44E238E-1029-4B4C-A0C7-942A7EF2F336}"
	ProjectSection(SolutionItems) = preProject
		readme.md = readme.md
	EndProjectSection
EndProject
Global
	GlobalSection(SolutionConfigurationPlatforms) = preSolution
		Debug|Any CPU = Debug|Any CPU
		Release|Any CPU = Release|Any CPU
	EndGlobalSection
	GlobalSection(ProjectConfigurationPlatforms) = postSolution
		{F281028C-D121-4389-88A8-88086250812F}.Debug|Any CPU.ActiveCfg = Debug|Any CPU
		{F281028C-D121-4389-88A8-88086250812F}.Debug|Any CPU.Build.0 = Debug|Any CPU
		{F281028C-D121-4389-88A8-88086250812F}.Release|Any CPU.ActiveCfg = Release|Any CPU
		{F281028C-D121-4389-88A8-88086250812F}.Release|Any CPU.Build.0 = Release|Any CPU
		{E534B435-5CFF-4611-9719-94E52940F5C2}.Debug|Any CPU.ActiveCfg = Debug|Any CPU
		{E534B435-5CFF-4611-9719-94E52940F5C2}.Debug|Any CPU.Build.0 = Debug|Any CPU
		{E534B435-5CFF-4611-9719-94E52940F5C2}.Release|Any CPU.ActiveCfg = Release|Any CPU
		{E534B435-5CFF-4611-9719-94E52940F5C2}.Release|Any CPU.Build.0 = Release|Any CPU
		{83C3D55C-C8CF-4103-B501-B87D6B5F813A}.Debug|Any CPU.ActiveCfg = Debug|Any CPU
		{83C3D55C-C8CF-4103-B501-B87D6B5F813A}.Debug|Any CPU.Build.0 = Debug|Any CPU
		{83C3D55C-C8CF-4103-B501-B87D6B5F813A}.Release|Any CPU.ActiveCfg = Release|Any CPU
		{83C3D55C-C8CF-4103-B501-B87D6B5F813A}.Release|Any CPU.Build.0 = Release|Any CPU
		{5C473740-BDB3-435D-BE82-3A1DA4E3160D}.Debug|Any CPU.ActiveCfg = Debug|Any CPU
		{5C473740-BDB3-435D-BE82-3A1DA4E3160D}.Debug|Any CPU.Build.0 = Debug|Any CPU
		{5C473740-BDB3-435D-BE82-3A1DA4E3160D}.Release|Any CPU.ActiveCfg = Release|Any CPU
		{5C473740-BDB3-435D-BE82-3A1DA4E3160D}.Release|Any CPU.Build.0 = Release|Any CPU
	EndGlobalSection
	GlobalSection(SolutionProperties) = preSolution
		HideSolutionNode = FALSE
	EndGlobalSection
	GlobalSection(NestedProjects) = preSolution
		{F281028C-D121-4389-88A8-88086250812F} = {F51D18ED-7BB7-47A4-B9D3-EC4DD63CE39E}
		{E534B435-5CFF-4611-9719-94E52940F5C2} = {FA1FC7F2-8409-4CF4-B2BB-90BD935B48A5}
		{83C3D55C-C8CF-4103-B501-B87D6B5F813A} = {FA1FC7F2-8409-4CF4-B2BB-90BD935B48A5}
		{5C473740-BDB3-435D-BE82-3A1DA4E3160D} = {FA1FC7F2-8409-4CF4-B2BB-90BD935B48A5}
	EndGlobalSection
	GlobalSection(ExtensibilityGlobals) = postSolution
		SolutionGuid = {0C69CBFB-8347-4CC7-853D-B45671086964}
	EndGlobalSection
EndGlobal
